// !$*UTF8*$!
{
	archiveVersion = 1;
	classes = {
	};
	objectVersion = 46;
	objects = {

/* Begin PBXBuildFile section */
		184305BA1B36B4B90097BB84 /* main.m in Sources */ = {isa = PBXBuildFile; fileRef = 184305B91B36B4B90097BB84 /* main.m */; };
		184305BD1B36B4B90097BB84 /* AppDelegate.m in Sources */ = {isa = PBXBuildFile; fileRef = 184305BC1B36B4B90097BB84 /* AppDelegate.m */; };
		184305C01B36B4B90097BB84 /* ViewController.m in Sources */ = {isa = PBXBuildFile; fileRef = 184305BF1B36B4B90097BB84 /* ViewController.m */; };
		184305C31B36B4B90097BB84 /* Main.storyboard in Resources */ = {isa = PBXBuildFile; fileRef = 184305C11B36B4B90097BB84 /* Main.storyboard */; };
		184305C51B36B4B90097BB84 /* Images.xcassets in Resources */ = {isa = PBXBuildFile; fileRef = 184305C41B36B4B90097BB84 /* Images.xcassets */; };
		184305C81B36B4B90097BB84 /* LaunchScreen.xib in Resources */ = {isa = PBXBuildFile; fileRef = 184305C61B36B4B90097BB84 /* LaunchScreen.xib */; };
		184305D41B36B4B90097BB84 /* Demo2Tests.m in Sources */ = {isa = PBXBuildFile; fileRef = 184305D31B36B4B90097BB84 /* Demo2Tests.m */; };
/* End PBXBuildFile section */

/* Begin PBXContainerItemProxy section */
		184305CE1B36B4B90097BB84 /* PBXContainerItemProxy */ = {
			isa = PBXContainerItemProxy;
			containerPortal = 184305AC1B36B4B90097BB84 /* Project object */;
			proxyType = 1;
			remoteGlobalIDString = 184305B31B36B4B90097BB84;
			remoteInfo = Demo2;
		};
/* End PBXContainerItemProxy section */

/* Begin PBXFileReference section */
		184305B41B36B4B90097BB84 /* Demo2.app */ = {isa = PBXFileReference; explicitFileType = wrapper.application; includeInIndex = 0; path = Demo2.app; sourceTree = BUILT_PRODUCTS_DIR; };
		184305B81B36B4B90097BB84 /* Info.plist */ = {isa = PBXFileReference; lastKnownFileType = text.plist.xml; path = Info.plist; sourceTree = "<group>"; };
		184305B91B36B4B90097BB84 /* main.m */ = {isa = PBXFileReference; lastKnownFileType = sourcecode.c.objc; path = main.m; sourceTree = "<group>"; };
		184305BB1B36B4B90097BB84 /* AppDelegate.h */ = {isa = PBXFileReference; lastKnownFileType = sourcecode.c.h; path = AppDelegate.h; sourceTree = "<group>"; };
		184305BC1B36B4B90097BB84 /* AppDelegate.m */ = {isa = PBXFileReference; lastKnownFileType = sourcecode.c.objc; path = AppDelegate.m; sourceTree = "<group>"; };
		184305BE1B36B4B90097BB84 /* ViewController.h */ = {isa = PBXFileReference; lastKnownFileType = sourcecode.c.h; path = ViewController.h; sourceTree = "<group>"; };
		184305BF1B36B4B90097BB84 /* ViewController.m */ = {isa = PBXFileReference; lastKnownFileType = sourcecode.c.objc; path = ViewController.m; sourceTree = "<group>"; };
		184305C21B36B4B90097BB84 /* Base */ = {isa = PBXFileReference; lastKnownFileType = file.storyboard; name = Base; path = Base.lproj/Main.storyboard; sourceTree = "<group>"; };
		184305C41B36B4B90097BB84 /* Images.xcassets */ = {isa = PBXFileReference; lastKnownFileType = folder.assetcatalog; path = Images.xcassets; sourceTree = "<group>"; };
		184305C71B36B4B90097BB84 /* Base */ = {isa = PBXFileReference; lastKnownFileType = file.xib; name = Base; path = Base.lproj/LaunchScreen.xib; sourceTree = "<group>"; };
		184305CD1B36B4B90097BB84 /* Demo2Tests.xctest */ = {isa = PBXFileReference; explicitFileType = wrapper.cfbundle; includeInIndex = 0; path = Demo2Tests.xctest; sourceTree = BUILT_PRODUCTS_DIR; };
		184305D21B36B4B90097BB84 /* Info.plist */ = {isa = PBXFileReference; lastKnownFileType = text.plist.xml; path = Info.plist; sourceTree = "<group>"; };
		184305D31B36B4B90097BB84 /* Demo2Tests.m */ = {isa = PBXFileReference; lastKnownFileType = sourcecode.c.objc; path = Demo2Tests.m; sourceTree = "<group>"; };
/* End PBXFileReference section */

/* Begin PBXFrameworksBuildPhase section */
		184305B11B36B4B90097BB84 /* Frameworks */ = {
			isa = PBXFrameworksBuildPhase;
			buildActionMask = 2147483647;
			files = (
			);
			runOnlyForDeploymentPostprocessing = 0;
		};
		184305CA1B36B4B90097BB84 /* Frameworks */ = {
			isa = PBXFrameworksBuildPhase;
			buildActionMask = 2147483647;
			files = (
			);
			runOnlyForDeploymentPostprocessing = 0;
		};
/* End PBXFrameworksBuildPhase section */

/* Begin PBXGroup section */
		184305AB1B36B4B90097BB84 = {
			isa = PBXGroup;
			children = (
				184305B61B36B4B90097BB84 /* Demo2 */,
				184305D01B36B4B90097BB84 /* Demo2Tests */,
				184305B51B36B4B90097BB84 /* Products */,
			);
			sourceTree = "<group>";
		};
		184305B51B36B4B90097BB84 /* Products */ = {
			isa = PBXGroup;
			children = (
				184305B41B36B4B90097BB84 /* Demo2.app */,
				184305CD1B36B4B90097BB84 /* Demo2Tests.xctest */,
			);
			name = Products;
			sourceTree = "<group>";
		};
		184305B61B36B4B90097BB84 /* Demo2 */ = {
			isa = PBXGroup;
			children = (
				184305BB1B36B4B90097BB84 /* AppDelegate.h */,
				184305BC1B36B4B90097BB84 /* AppDelegate.m */,
				184305BE1B36B4B90097BB84 /* ViewController.h */,
				184305BF1B36B4B90097BB84 /* ViewController.m */,
				184305C11B36B4B90097BB84 /* Main.storyboard */,
				184305C41B36B4B90097BB84 /* Images.xcassets */,
				184305C61B36B4B90097BB84 /* LaunchScreen.xib */,
				184305B71B36B4B90097BB84 /* Supporting Files */,
			);
			path = Demo2;
			sourceTree = "<group>";
		};
		184305B71B36B4B90097BB84 /* Supporting Files */ = {
			isa = PBXGroup;
			children = (
				184305B81B36B4B90097BB84 /* Info.plist */,
				184305B91B36B4B90097BB84 /* main.m */,
			);
			name = "Supporting Files";
			sourceTree = "<group>";
		};
		184305D01B36B4B90097BB84 /* Demo2Tests */ = {
			isa = PBXGroup;
			children = (
				184305D31B36B4B90097BB84 /* Demo2Tests.m */,
				184305D11B36B4B90097BB84 /* Supporting Files */,
			);
			path = Demo2Tests;
			sourceTree = "<group>";
		};
		184305D11B36B4B90097BB84 /* Supporting Files */ = {
			isa = PBXGroup;
			children = (
				184305D21B36B4B90097BB84 /* Info.plist */,
			);
			name = "Supporting Files";
			sourceTree = "<group>";
		};
/* End PBXGroup section */

/* Begin PBXNativeTarget section */
		184305B31B36B4B90097BB84 /* Demo2 */ = {
			isa = PBXNativeTarget;
			buildConfigurationList = 184305D71B36B4B90097BB84 /* Build configuration list for PBXNativeTarget "Demo2" */;
			buildPhases = (
				184305B01B36B4B90097BB84 /* Sources */,
				184305B11B36B4B90097BB84 /* Frameworks */,
				184305B21B36B4B90097BB84 /* Resources */,
			);
			buildRules = (
			);
			dependencies = (
			);
			name = Demo2;
			productName = Demo2;
			productReference = 184305B41B36B4B90097BB84 /* Demo2.app */;
			productType = "com.apple.product-type.application";
		};
		184305CC1B36B4B90097BB84 /* Demo2Tests */ = {
			isa = PBXNativeTarget;
			buildConfigurationList = 184305DA1B36B4B90097BB84 /* Build configuration list for PBXNativeTarget "Demo2Tests" */;
			buildPhases = (
				184305C91B36B4B90097BB84 /* Sources */,
				184305CA1B36B4B90097BB84 /* Frameworks */,
				184305CB1B36B4B90097BB84 /* Resources */,
			);
			buildRules = (
			);
			dependencies = (
				184305CF1B36B4B90097BB84 /* PBXTargetDependency */,
			);
			name = Demo2Tests;
			productName = Demo2Tests;
			productReference = 184305CD1B36B4B90097BB84 /* Demo2Tests.xctest */;
			productType = "com.apple.product-type.bundle.unit-test";
		};
/* End PBXNativeTarget section */

/* Begin PBXProject section */
		184305AC1B36B4B90097BB84 /* Project object */ = {
			isa = PBXProject;
			attributes = {
				LastUpgradeCheck = 0630;
				ORGANIZATIONNAME = HeiMa;
				TargetAttributes = {
					184305B31B36B4B90097BB84 = {
						CreatedOnToolsVersion = 6.3;
					};
					184305CC1B36B4B90097BB84 = {
						CreatedOnToolsVersion = 6.3;
						TestTargetID = 184305B31B36B4B90097BB84;
					};
				};
			};
			buildConfigurationList = 184305AF1B36B4B90097BB84 /* Build configuration list for PBXProject "Demo2" */;
			compatibilityVersion = "Xcode 3.2";
			developmentRegion = English;
			hasScannedForEncodings = 0;
			knownRegions = (
				en,
				Base,
			);
			mainGroup = 184305AB1B36B4B90097BB84;
			productRefGroup = 184305B51B36B4B90097BB84 /* Products */;
			projectDirPath = "";
			projectRoot = "";
			targets = (
				184305B31B36B4B90097BB84 /* Demo2 */,
				184305CC1B36B4B90097BB84 /* Demo2Tests */,
			);
		};
/* End PBXProject section */

/* Begin PBXResourcesBuildPhase section */
		184305B21B36B4B90097BB84 /* Resources */ = {
			isa = PBXResourcesBuildPhase;
			buildActionMask = 2147483647;
			files = (
				184305C31B36B4B90097BB84 /* Main.storyboard in Resources */,
				184305C81B36B4B90097BB84 /* LaunchScreen.xib in Resources */,
				184305C51B36B4B90097BB84 /* Images.xcassets in Resources */,
			);
			runOnlyForDeploymentPostprocessing = 0;
		};
		184305CB1B36B4B90097BB84 /* Resources */ = {
			isa = PBXResourcesBuildPhase;
			buildActionMask = 2147483647;
			files = (
			);
			runOnlyForDeploymentPostprocessing = 0;
		};
/* End PBXResourcesBuildPhase section */

/* Begin PBXSourcesBuildPhase section */
		184305B01B36B4B90097BB84 /* Sources */ = {
			isa = PBXSourcesBuildPhase;
			buildActionMask = 2147483647;
			files = (
				184305C01B36B4B90097BB84 /* ViewController.m in Sources */,
				184305BD1B36B4B90097BB84 /* AppDelegate.m in Sources */,
				184305BA1B36B4B90097BB84 /* main.m in Sources */,
			);
			runOnlyForDeploymentPostprocessing = 0;
		};
		184305C91B36B4B90097BB84 /* Sources */ = {
			isa = PBXSourcesBuildPhase;
			buildActionMask = 2147483647;
			files = (
				184305D41B36B4B90097BB84 /* Demo2Tests.m in Sources */,
			);
			runOnlyForDeploymentPostprocessing = 0;
		};
/* End PBXSourcesBuildPhase section */

/* Begin PBXTargetDependency section */
		184305CF1B36B4B90097BB84 /* PBXTargetDependency */ = {
			isa = PBXTargetDependency;
			target = 184305B31B36B4B90097BB84 /* Demo2 */;
			targetProxy = 184305CE1B36B4B90097BB84 /* PBXContainerItemProxy */;
		};
/* End PBXTargetDependency section */

/* Begin PBXVariantGroup section */
		184305C11B36B4B90097BB84 /* Main.storyboard */ = {
			isa = PBXVariantGroup;
			children = (
				184305C21B36B4B90097BB84 /* Base */,
			);
			name = Main.storyboard;
			sourceTree = "<group>";
		};
		184305C61B36B4B90097BB84 /* LaunchScreen.xib */ = {
			isa = PBXVariantGroup;
			children = (
				184305C71B36B4B90097BB84 /* Base */,
			);
			name = LaunchScreen.xib;
			sourceTree = "<group>";
		};
/* End PBXVariantGroup section */

/* Begin XCBuildConfiguration section */
		184305D51B36B4B90097BB84 /* Debug */ = {
			isa = XCBuildConfiguration;
			buildSettings = {
				ALWAYS_SEARCH_USER_PATHS = NO;
				CLANG_CXX_LANGUAGE_STANDARD = "gnu++0x";
				CLANG_CXX_LIBRARY = "libc++";
				CLANG_ENABLE_MODULES = YES;
				CLANG_ENABLE_OBJC_ARC = YES;
				CLANG_WARN_BOOL_CONVERSION = YES;
				CLANG_WARN_CONSTANT_CONVERSION = YES;
				CLANG_WARN_DIRECT_OBJC_ISA_USAGE = YES_ERROR;
				CLANG_WARN_EMPTY_BODY = YES;
				CLANG_WARN_ENUM_CONVERSION = YES;
				CLANG_WARN_INT_CONVERSION = YES;
				CLANG_WARN_OBJC_ROOT_CLASS = YES_ERROR;
				CLANG_WARN_UNREACHABLE_CODE = YES;
				CLANG_WARN__DUPLICATE_METHOD_MATCH = YES;
				"CODE_SIGN_IDENTITY[sdk=iphoneos*]" = "iPhone Developer";
				COPY_PHASE_STRIP = NO;
				DEBUG_INFORMATION_FORMAT = "dwarf-with-dsym";
				ENABLE_STRICT_OBJC_MSGSEND = YES;
				GCC_C_LANGUAGE_STANDARD = gnu99;
				GCC_DYNAMIC_NO_PIC = NO;
				GCC_NO_COMMON_BLOCKS = YES;
				GCC_OPTIMIZATION_LEVEL = 0;
				GCC_PREPROCESSOR_DEFINITIONS = (
					"DEBUG=1",
					"$(inherited)",
				);
				GCC_SYMBOLS_PRIVATE_EXTERN = NO;
				GCC_WARN_64_TO_32_BIT_CONVERSION = YES;
				GCC_WARN_ABOUT_RETURN_TYPE = YES_ERROR;
				GCC_WARN_UNDECLARED_SELECTOR = YES;
				GCC_WARN_UNINITIALIZED_AUTOS = YES_AGGRESSIVE;
				GCC_WARN_UNUSED_FUNCTION = YES;
				GCC_WARN_UNUSED_VARIABLE = YES;
				IPHONEOS_DEPLOYMENT_TARGET = 8.3;
				MTL_ENABLE_DEBUG_INFO = YES;
				ONLY_ACTIVE_ARCH = YES;
				SDKROOT = iphoneos;
				TARGETED_DEVICE_FAMILY = "1,2";
			};
			name = Debug;
		};
		184305D61B36B4B90097BB84 /* Release */ = {
			isa = XCBuildConfiguration;
			buildSettings = {
				ALWAYS_SEARCH_USER_PATHS = NO;
				CLANG_CXX_LANGUAGE_STANDARD = "gnu++0x";
				CLANG_CXX_LIBRARY = "libc++";
				CLANG_ENABLE_MODULES = YES;
				CLANG_ENABLE_OBJC_ARC = YES;
				CLANG_WARN_BOOL_CONVERSION = YES;
				CLANG_WARN_CONSTANT_CONVERSION = YES;
				CLANG_WARN_DIRECT_OBJC_ISA_USAGE = YES_ERROR;
				CLANG_WARN_EMPTY_BODY = YES;
				CLANG_WARN_ENUM_CONVERSION = YES;
				CLANG_WARN_INT_CONVERSION = YES;
				CLANG_WARN_OBJC_ROOT_CLASS = YES_ERROR;
				CLANG_WARN_UNREACHABLE_CODE = YES;
				CLANG_WARN__DUPLICATE_METHOD_MATCH = YES;
				"CODE_SIGN_IDENTITY[sdk=iphoneos*]" = "iPhone Developer";
				COPY_PHASE_STRIP = NO;
				DEBUG_INFORMATION_FORMAT = "dwarf-with-dsym";
				ENABLE_NS_ASSERTIONS = NO;
				ENABLE_STRICT_OBJC_MSGSEND = YES;
				GCC_C_LANGUAGE_STANDARD = gnu99;
				GCC_NO_COMMON_BLOCKS = YES;
				GCC_WARN_64_TO_32_BIT_CONVERSION = YES;
				GCC_WARN_ABOUT_RETURN_TYPE = YES_ERROR;
				GCC_WARN_UNDECLARED_SELECTOR = YES;
				GCC_WARN_UNINITIALIZED_AUTOS = YES_AGGRESSIVE;
				GCC_WARN_UNUSED_FUNCTION = YES;
				GCC_WARN_UNUSED_VARIABLE = YES;
				IPHONEOS_DEPLOYMENT_TARGET = 8.3;
				MTL_ENABLE_DEBUG_INFO = NO;
				SDKROOT = iphoneos;
				TARGETED_DEVICE_FAMILY = "1,2";
				VALIDATE_PRODUCT = YES;
			};
			name = Release;
		};
		184305D81B36B4B90097BB84 /* Debug */ = {
			isa = XCBuildConfiguration;
			buildSettings = {
				ASSETCATALOG_COMPILER_APPICON_NAME = AppIcon;
				INFOPLIST_FILE = Demo2/Info.plist;
				LD_RUNPATH_SEARCH_PATHS = "$(inherited) @executable_path/Frameworks";
				PRODUCT_NAME = "$(TARGET_NAME)";
			};
			name = Debug;
		};
		184305D91B36B4B90097BB84 /* Release */ = {
			isa = XCBuildConfiguration;
			buildSettings = {
				ASSETCATALOG_COMPILER_APPICON_NAME = AppIcon;
				INFOPLIST_FILE = Demo2/Info.plist;
				LD_RUNPATH_SEARCH_PATHS = "$(inherited) @executable_path/Frameworks";
				PRODUCT_NAME = "$(TARGET_NAME)";
			};
			name = Release;
		};
		184305DB1B36B4B90097BB84 /* Debug */ = {
			isa = XCBuildConfiguration;
			buildSettings = {
				BUNDLE_LOADER = "$(TEST_HOST)";
				FRAMEWORK_SEARCH_PATHS = (
					"$(SDKROOT)/Developer/Library/Frameworks",
					"$(inherited)",
				);
				GCC_PREPROCESSOR_DEFINITIONS = (
					"DEBUG=1",
					"$(inherited)",
				);
				INFOPLIST_FILE = Demo2Tests/Info.plist;
				LD_RUNPATH_SEARCH_PATHS = "$(inherited) @executable_path/Frameworks @loader_path/Frameworks";
				PRODUCT_NAME = "$(TARGET_NAME)";
				TEST_HOST = "$(BUILT_PRODUCTS_DIR)/Demo2.app/Demo2";
			};
			name = Debug;
		};
		184305DC1B36B4B90097BB84 /* Release */ = {
			isa = XCBuildConfiguration;
			buildSettings = {
				BUNDLE_LOADER = "$(TEST_HOST)";
				FRAMEWORK_SEARCH_PATHS = (
					"$(SDKROOT)/Developer/Library/Frameworks",
					"$(inherited)",
				);
				INFOPLIST_FILE = Demo2Tests/Info.plist;
				LD_RUNPATH_SEARCH_PATHS = "$(inherited) @executable_path/Frameworks @loader_path/Frameworks";
				PRODUCT_NAME = "$(TARGET_NAME)";
				TEST_HOST = "$(BUILT_PRODUCTS_DIR)/Demo2.app/Demo2";
			};
			name = Release;
		};
/* End XCBuildConfiguration section */

/* Begin XCConfigurationList section */
		184305AF1B36B4B90097BB84 /* Build configuration list for PBXProject "Demo2" */ = {
			isa = XCConfigurationList;
			buildConfigurations = (
				184305D51B36B4B90097BB84 /* Debug */,
				184305D61B36B4B90097BB84 /* Release */,
			);
			defaultConfigurationIsVisible = 0;
			defaultConfigurationName = Release;
		};
		184305D71B36B4B90097BB84 /* Build configuration list for PBXNativeTarget "Demo2" */ = {
			isa = XCConfigurationList;
			buildConfigurations = (
				184305D81B36B4B90097BB84 /* Debug */,
				184305D91B36B4B90097BB84 /* Release */,
			);
			defaultConfigurationIsVisible = 0;
		};
		184305DA1B36B4B90097BB84 /* Build configuration list for PBXNativeTarget "Demo2Tests" */ = {
			isa = XCConfigurationList;
			buildConfigurations = (
				184305DB1B36B4B90097BB84 /* Debug */,
				184305DC1B36B4B90097BB84 /* Release */,
			);
			defaultConfigurationIsVisible = 0;
		};
/* End XCConfigurationList section */
	};
	rootObject = 184305AC1B36B4B90097BB84 /* Project object */;
}
